
Microsoft Visual Studio Solution File, Format Version 12.00
# Visual Studio Version 17
VisualStudioVersion = 17.10.35027.167
MinimumVisualStudioVersion = 10.0.40219.1
Project("{9A19103F-16F7-4668-BE54-9A1E7A4F7556}") = "DTSXDataLoader.Console", "DTSXDataLoader.Console\DTSXDataLoader.Console.csproj", "{5D6A5AF8-FF3F-48AC-A268-EAF4D19E46BC}"
EndProject
Project("{9A19103F-16F7-4668-BE54-9A1E7A4F7556}") = "DTSXDataLoader.Core", "DTSXDataLoader.Core\DTSXDataLoader.Core.csproj", "{75A0AA6C-5F2F-4907-8CE3-DE1DE4CEEE96}"
EndProject
Global
	GlobalSection(SolutionConfigurationPlatforms) = preSolution
		Debug|Any CPU = Debug|Any CPU
		Release|Any CPU = Release|Any CPU
	EndGlobalSection
	GlobalSection(ProjectConfigurationPlatforms) = postSolution
		{5D6A5AF8-FF3F-48AC-A268-EAF4D19E46BC}.Debug|Any CPU.ActiveCfg = Debug|Any CPU
		{5D6A5AF8-FF3F-48AC-A268-EAF4D19E46BC}.Debug|Any CPU.Build.0 = Debug|Any CPU
		{5D6A5AF8-FF3F-48AC-A268-EAF4D19E46BC}.Release|Any CPU.ActiveCfg = Release|Any CPU
		{5D6A5AF8-FF3F-48AC-A268-EAF4D19E46BC}.Release|Any CPU.Build.0 = Release|Any CPU
		{75A0AA6C-5F2F-4907-8CE3-DE1DE4CEEE96}.Debug|Any CPU.ActiveCfg = Debug|Any CPU
		{75A0AA6C-5F2F-4907-8CE3-DE1DE4CEEE96}.Debug|Any CPU.Build.0 = Debug|Any CPU
		{75A0AA6C-5F2F-4907-8CE3-DE1DE4CEEE96}.Release|Any CPU.ActiveCfg = Release|Any CPU
		{75A0AA6C-5F2F-4907-8CE3-DE1DE4CEEE96}.Release|Any CPU.Build.0 = Release|Any CPU
	EndGlobalSection
	GlobalSection(SolutionProperties) = preSolution
		HideSolutionNode = FALSE
	EndGlobalSection
	GlobalSection(ExtensibilityGlobals) = postSolution
		SolutionGuid = {25EA7128-6F1B-4F75-B6D7-5D811F57C7ED}
	EndGlobalSection
EndGlobal
